
Microsoft Visual Studio Solution File, Format Version 12.00
# Visual Studio Version 17
VisualStudioVersion = 17.0.31903.59
MinimumVisualStudioVersion = 10.0.40219.1
Project("{2150E333-8FDC-42A3-9474-1A3956D46DE8}") = "src", "src", "{A3BB58D7-E39E-4A8B-8739-BB4D7D959597}"
EndProject
Project("{FAE04EC0-301F-11D3-BF4B-00C04F79EFBC}") = "day1", "src\day1\day1.csproj", "{3D3BAF6B-AB44-4969-8C3F-89FCE05AC373}"
EndProject
Project("{2150E333-8FDC-42A3-9474-1A3956D46DE8}") = "test", "test", "{C09A48A6-2A89-40DA-8366-623FB3FE0AD6}"
EndProject
Project("{FAE04EC0-301F-11D3-BF4B-00C04F79EFBC}") = "day1Test", "test\day1Test\day1Test.csproj", "{047A87BC-5664-4DE1-A3F6-AAF55EDD57E3}"
EndProject
Project("{2150E333-8FDC-42A3-9474-1A3956D46DE8}") = "Helper", "Helper", "{AFAB9E2E-D6D7-4B7E-8F14-93B1C9346042}"
EndProject
Project("{FAE04EC0-301F-11D3-BF4B-00C04F79EFBC}") = "FileLoader", "src\Helper\FileLoader\FileLoader.csproj", "{596604A8-E733-4193-BA69-C61F1B43F7FA}"
EndProject
Project("{FAE04EC0-301F-11D3-BF4B-00C04F79EFBC}") = "day2", "src\day2\day2.csproj", "{C7A7BC39-401B-4873-9B65-07811EBC783F}"
EndProject
Project("{FAE04EC0-301F-11D3-BF4B-00C04F79EFBC}") = "day2Test", "test\day2Test\day2Test.csproj", "{61F7B179-E8DF-4F82-8AA0-1E34976F0748}"
EndProject
Project("{FAE04EC0-301F-11D3-BF4B-00C04F79EFBC}") = "day3Test", "test\day3Test\day3Test.csproj", "{05E04218-5139-4A56-B563-1D5ADF2BB4FF}"
EndProject
Project("{FAE04EC0-301F-11D3-BF4B-00C04F79EFBC}") = "day3", "src\day3\day3.csproj", "{7D35F45C-460C-4059-9981-83F8FCA3217A}"
EndProject
Global
	GlobalSection(SolutionConfigurationPlatforms) = preSolution
		Debug|Any CPU = Debug|Any CPU
		Release|Any CPU = Release|Any CPU
	EndGlobalSection
	GlobalSection(SolutionProperties) = preSolution
		HideSolutionNode = FALSE
	EndGlobalSection
	GlobalSection(ProjectConfigurationPlatforms) = postSolution
		{3D3BAF6B-AB44-4969-8C3F-89FCE05AC373}.Debug|Any CPU.ActiveCfg = Debug|Any CPU
		{3D3BAF6B-AB44-4969-8C3F-89FCE05AC373}.Debug|Any CPU.Build.0 = Debug|Any CPU
		{3D3BAF6B-AB44-4969-8C3F-89FCE05AC373}.Release|Any CPU.ActiveCfg = Release|Any CPU
		{3D3BAF6B-AB44-4969-8C3F-89FCE05AC373}.Release|Any CPU.Build.0 = Release|Any CPU
		{047A87BC-5664-4DE1-A3F6-AAF55EDD57E3}.Debug|Any CPU.ActiveCfg = Debug|Any CPU
		{047A87BC-5664-4DE1-A3F6-AAF55EDD57E3}.Debug|Any CPU.Build.0 = Debug|Any CPU
		{047A87BC-5664-4DE1-A3F6-AAF55EDD57E3}.Release|Any CPU.ActiveCfg = Release|Any CPU
		{047A87BC-5664-4DE1-A3F6-AAF55EDD57E3}.Release|Any CPU.Build.0 = Release|Any CPU
		{596604A8-E733-4193-BA69-C61F1B43F7FA}.Debug|Any CPU.ActiveCfg = Debug|Any CPU
		{596604A8-E733-4193-BA69-C61F1B43F7FA}.Debug|Any CPU.Build.0 = Debug|Any CPU
		{596604A8-E733-4193-BA69-C61F1B43F7FA}.Release|Any CPU.ActiveCfg = Release|Any CPU
		{596604A8-E733-4193-BA69-C61F1B43F7FA}.Release|Any CPU.Build.0 = Release|Any CPU
		{C7A7BC39-401B-4873-9B65-07811EBC783F}.Debug|Any CPU.ActiveCfg = Debug|Any CPU
		{C7A7BC39-401B-4873-9B65-07811EBC783F}.Debug|Any CPU.Build.0 = Debug|Any CPU
		{C7A7BC39-401B-4873-9B65-07811EBC783F}.Release|Any CPU.ActiveCfg = Release|Any CPU
		{C7A7BC39-401B-4873-9B65-07811EBC783F}.Release|Any CPU.Build.0 = Release|Any CPU
		{61F7B179-E8DF-4F82-8AA0-1E34976F0748}.Debug|Any CPU.ActiveCfg = Debug|Any CPU
		{61F7B179-E8DF-4F82-8AA0-1E34976F0748}.Debug|Any CPU.Build.0 = Debug|Any CPU
		{61F7B179-E8DF-4F82-8AA0-1E34976F0748}.Release|Any CPU.ActiveCfg = Release|Any CPU
		{61F7B179-E8DF-4F82-8AA0-1E34976F0748}.Release|Any CPU.Build.0 = Release|Any CPU
		{05E04218-5139-4A56-B563-1D5ADF2BB4FF}.Debug|Any CPU.ActiveCfg = Debug|Any CPU
		{05E04218-5139-4A56-B563-1D5ADF2BB4FF}.Debug|Any CPU.Build.0 = Debug|Any CPU
		{05E04218-5139-4A56-B563-1D5ADF2BB4FF}.Release|Any CPU.ActiveCfg = Release|Any CPU
		{05E04218-5139-4A56-B563-1D5ADF2BB4FF}.Release|Any CPU.Build.0 = Release|Any CPU
		{7D35F45C-460C-4059-9981-83F8FCA3217A}.Debug|Any CPU.ActiveCfg = Debug|Any CPU
		{7D35F45C-460C-4059-9981-83F8FCA3217A}.Debug|Any CPU.Build.0 = Debug|Any CPU
		{7D35F45C-460C-4059-9981-83F8FCA3217A}.Release|Any CPU.ActiveCfg = Release|Any CPU
		{7D35F45C-460C-4059-9981-83F8FCA3217A}.Release|Any CPU.Build.0 = Release|Any CPU
	EndGlobalSection
	GlobalSection(NestedProjects) = preSolution
		{3D3BAF6B-AB44-4969-8C3F-89FCE05AC373} = {A3BB58D7-E39E-4A8B-8739-BB4D7D959597}
		{047A87BC-5664-4DE1-A3F6-AAF55EDD57E3} = {C09A48A6-2A89-40DA-8366-623FB3FE0AD6}
		{AFAB9E2E-D6D7-4B7E-8F14-93B1C9346042} = {A3BB58D7-E39E-4A8B-8739-BB4D7D959597}
		{596604A8-E733-4193-BA69-C61F1B43F7FA} = {AFAB9E2E-D6D7-4B7E-8F14-93B1C9346042}
		{C7A7BC39-401B-4873-9B65-07811EBC783F} = {A3BB58D7-E39E-4A8B-8739-BB4D7D959597}
		{61F7B179-E8DF-4F82-8AA0-1E34976F0748} = {C09A48A6-2A89-40DA-8366-623FB3FE0AD6}
		{05E04218-5139-4A56-B563-1D5ADF2BB4FF} = {C09A48A6-2A89-40DA-8366-623FB3FE0AD6}
		{7D35F45C-460C-4059-9981-83F8FCA3217A} = {A3BB58D7-E39E-4A8B-8739-BB4D7D959597}
	EndGlobalSection
EndGlobal
